PODS:
  - Alamofire (4.8.1)
  - ImageSlideshow (1.7.0):
    - ImageSlideshow/Core (= 1.7.0)
  - ImageSlideshow/Core (1.7.0)
  - ImageSlideshow/SDWebImage (1.7.0):
    - ImageSlideshow/Core
    - SDWebImage (< 5.0, >= 3.7)
  - SDWebImage (4.4.5):
    - SDWebImage/Core (= 4.4.5)
  - SDWebImage/Core (4.4.5)
  - XLPagerTabStrip (8.1.1)

DEPENDENCIES:
  - Alamofire (~> 4.8.1)
  - ImageSlideshow (~> 1.6)
  - ImageSlideshow/SDWebImage
  - SDWebImage (~> 4.0)
  - XLPagerTabStrip (~> 8.1)

SPEC REPOS:
  https://github.com/cocoapods/specs.git:
    - Alamofire
    - ImageSlideshow
    - SDWebImage
    - XLPagerTabStrip

SPEC CHECKSUMS:
  Alamofire: 16ce2c353fb72865124ddae8a57c5942388f4f11
  ImageSlideshow: f8eec5e37a980f60923b585ff23b0e140fd24018
  SDWebImage: ecc03494e973b93b80213649d32175f8d2d17d4d
  XLPagerTabStrip: 63166e21c9844fa30f2d95d30f335e73be5caf22

PODFILE CHECKSUM: 30624da251659195f0e95538e8cb8d4931efde42

COCOAPODS: 1.5.3
