// !$*UTF8*$!
{
	archiveVersion = 1;
	classes = {
	};
	objectVersion = 50;
	objects = {

/* Begin PBXBuildFile section */
		04FC66D999AE7693416FC48A /* Pods_PhoneGuideTests.framework in Frameworks */ = {isa = PBXBuildFile; fileRef = 63CC0FEC311A21B1B69528D9 /* Pods_PhoneGuideTests.framework */; };
		368DAD43848228739EDB237D /* Pods_PhoneGuide.framework in Frameworks */ = {isa = PBXBuildFile; fileRef = 1821963F287853AAE69AF09A /* Pods_PhoneGuide.framework */; };
		502A05B8222AB05D0023F545 /* AppDelegate.swift in Sources */ = {isa = PBXBuildFile; fileRef = 502A05B7222AB05D0023F545 /* AppDelegate.swift */; };
		502A05BA222AB05D0023F545 /* ViewController.swift in Sources */ = {isa = PBXBuildFile; fileRef = 502A05B9222AB05D0023F545 /* ViewController.swift */; };
		502A05BD222AB05D0023F545 /* Main.storyboard in Resources */ = {isa = PBXBuildFile; fileRef = 502A05BB222AB05D0023F545 /* Main.storyboard */; };
		502A05BF222AB05F0023F545 /* Assets.xcassets in Resources */ = {isa = PBXBuildFile; fileRef = 502A05BE222AB05F0023F545 /* Assets.xcassets */; };
		502A05C2222AB05F0023F545 /* LaunchScreen.storyboard in Resources */ = {isa = PBXBuildFile; fileRef = 502A05C0222AB05F0023F545 /* LaunchScreen.storyboard */; };
		502A05CD222AB05F0023F545 /* PhoneGuideTests.swift in Sources */ = {isa = PBXBuildFile; fileRef = 502A05CC222AB05F0023F545 /* PhoneGuideTests.swift */; };
		502A05D8222ABE460023F545 /* FullListViewController.swift in Sources */ = {isa = PBXBuildFile; fileRef = 502A05D7222ABE460023F545 /* FullListViewController.swift */; };
		502A05DA222ABE660023F545 /* FavoriteListViewController.swift in Sources */ = {isa = PBXBuildFile; fileRef = 502A05D9222ABE660023F545 /* FavoriteListViewController.swift */; };
		502A05E1222AEABC0023F545 /* RequestUtil.swift in Sources */ = {isa = PBXBuildFile; fileRef = 502A05E0222AEABC0023F545 /* RequestUtil.swift */; };
		502A05E3222B96260023F545 /* Mobile.swift in Sources */ = {isa = PBXBuildFile; fileRef = 502A05E2222B96260023F545 /* Mobile.swift */; };
		502A05E5222B96A80023F545 /* MobileImage.swift in Sources */ = {isa = PBXBuildFile; fileRef = 502A05E4222B96A80023F545 /* MobileImage.swift */; };
		502A05E7222BB2900023F545 /* MobileViewModel.swift in Sources */ = {isa = PBXBuildFile; fileRef = 502A05E6222BB2900023F545 /* MobileViewModel.swift */; };
		502A05EB222BB7D30023F545 /* MobileTableViewCell.swift in Sources */ = {isa = PBXBuildFile; fileRef = 502A05E9222BB7D30023F545 /* MobileTableViewCell.swift */; };
		502A05EC222BB7D30023F545 /* MobileTableViewCell.xib in Resources */ = {isa = PBXBuildFile; fileRef = 502A05EA222BB7D30023F545 /* MobileTableViewCell.xib */; };
/* End PBXBuildFile section */

/* Begin PBXContainerItemProxy section */
		502A05C9222AB05F0023F545 /* PBXContainerItemProxy */ = {
			isa = PBXContainerItemProxy;
			containerPortal = 502A05AC222AB05D0023F545 /* Project object */;
			proxyType = 1;
			remoteGlobalIDString = 502A05B3222AB05D0023F545;
			remoteInfo = PhoneGuide;
		};
/* End PBXContainerItemProxy section */

/* Begin PBXFileReference section */
		1821963F287853AAE69AF09A /* Pods_PhoneGuide.framework */ = {isa = PBXFileReference; explicitFileType = wrapper.framework; includeInIndex = 0; path = Pods_PhoneGuide.framework; sourceTree = BUILT_PRODUCTS_DIR; };
		210A337BB902BD61C54DF647 /* Pods-PhoneGuide.release.xcconfig */ = {isa = PBXFileReference; includeInIndex = 1; lastKnownFileType = text.xcconfig; name = "Pods-PhoneGuide.release.xcconfig"; path = "Pods/Target Support Files/Pods-PhoneGuide/Pods-PhoneGuide.release.xcconfig"; sourceTree = "<group>"; };
		2E6E5F9CCC4933B13E0CB371 /* Pods-PhoneGuideTests.debug.xcconfig */ = {isa = PBXFileReference; includeInIndex = 1; lastKnownFileType = text.xcconfig; name = "Pods-PhoneGuideTests.debug.xcconfig"; path = "Pods/Target Support Files/Pods-PhoneGuideTests/Pods-PhoneGuideTests.debug.xcconfig"; sourceTree = "<group>"; };
		502A05B4222AB05D0023F545 /* PhoneGuide.app */ = {isa = PBXFileReference; explicitFileType = wrapper.application; includeInIndex = 0; path = PhoneGuide.app; sourceTree = BUILT_PRODUCTS_DIR; };
		502A05B7222AB05D0023F545 /* AppDelegate.swift */ = {isa = PBXFileReference; lastKnownFileType = sourcecode.swift; path = AppDelegate.swift; sourceTree = "<group>"; };
		502A05B9222AB05D0023F545 /* ViewController.swift */ = {isa = PBXFileReference; lastKnownFileType = sourcecode.swift; path = ViewController.swift; sourceTree = "<group>"; };
		502A05BC222AB05D0023F545 /* Base */ = {isa = PBXFileReference; lastKnownFileType = file.storyboard; name = Base; path = Base.lproj/Main.storyboard; sourceTree = "<group>"; };
		502A05BE222AB05F0023F545 /* Assets.xcassets */ = {isa = PBXFileReference; lastKnownFileType = folder.assetcatalog; path = Assets.xcassets; sourceTree = "<group>"; };
		502A05C1222AB05F0023F545 /* Base */ = {isa = PBXFileReference; lastKnownFileType = file.storyboard; name = Base; path = Base.lproj/LaunchScreen.storyboard; sourceTree = "<group>"; };
		502A05C3222AB05F0023F545 /* Info.plist */ = {isa = PBXFileReference; lastKnownFileType = text.plist.xml; path = Info.plist; sourceTree = "<group>"; };
		502A05C8222AB05F0023F545 /* PhoneGuideTests.xctest */ = {isa = PBXFileReference; explicitFileType = wrapper.cfbundle; includeInIndex = 0; path = PhoneGuideTests.xctest; sourceTree = BUILT_PRODUCTS_DIR; };
		502A05CC222AB05F0023F545 /* PhoneGuideTests.swift */ = {isa = PBXFileReference; lastKnownFileType = sourcecode.swift; path = PhoneGuideTests.swift; sourceTree = "<group>"; };
		502A05CE222AB05F0023F545 /* Info.plist */ = {isa = PBXFileReference; lastKnownFileType = text.plist.xml; path = Info.plist; sourceTree = "<group>"; };
		502A05D7222ABE460023F545 /* FullListViewController.swift */ = {isa = PBXFileReference; lastKnownFileType = sourcecode.swift; path = FullListViewController.swift; sourceTree = "<group>"; };
		502A05D9222ABE660023F545 /* FavoriteListViewController.swift */ = {isa = PBXFileReference; lastKnownFileType = sourcecode.swift; path = FavoriteListViewController.swift; sourceTree = "<group>"; };
		502A05E0222AEABC0023F545 /* RequestUtil.swift */ = {isa = PBXFileReference; lastKnownFileType = sourcecode.swift; path = RequestUtil.swift; sourceTree = "<group>"; };
		502A05E2222B96260023F545 /* Mobile.swift */ = {isa = PBXFileReference; lastKnownFileType = sourcecode.swift; path = Mobile.swift; sourceTree = "<group>"; };
		502A05E4222B96A80023F545 /* MobileImage.swift */ = {isa = PBXFileReference; lastKnownFileType = sourcecode.swift; path = MobileImage.swift; sourceTree = "<group>"; };
		502A05E6222BB2900023F545 /* MobileViewModel.swift */ = {isa = PBXFileReference; lastKnownFileType = sourcecode.swift; path = MobileViewModel.swift; sourceTree = "<group>"; };
		502A05E9222BB7D30023F545 /* MobileTableViewCell.swift */ = {isa = PBXFileReference; lastKnownFileType = sourcecode.swift; path = MobileTableViewCell.swift; sourceTree = "<group>"; };
		502A05EA222BB7D30023F545 /* MobileTableViewCell.xib */ = {isa = PBXFileReference; lastKnownFileType = file.xib; path = MobileTableViewCell.xib; sourceTree = "<group>"; };
		63CC0FEC311A21B1B69528D9 /* Pods_PhoneGuideTests.framework */ = {isa = PBXFileReference; explicitFileType = wrapper.framework; includeInIndex = 0; path = Pods_PhoneGuideTests.framework; sourceTree = BUILT_PRODUCTS_DIR; };
		771EBA8FB5FB8DBE61C5E8D4 /* Pods-PhoneGuideTests.release.xcconfig */ = {isa = PBXFileReference; includeInIndex = 1; lastKnownFileType = text.xcconfig; name = "Pods-PhoneGuideTests.release.xcconfig"; path = "Pods/Target Support Files/Pods-PhoneGuideTests/Pods-PhoneGuideTests.release.xcconfig"; sourceTree = "<group>"; };
		89CFDB0A2703090202FBC8CD /* Pods-PhoneGuide.debug.xcconfig */ = {isa = PBXFileReference; includeInIndex = 1; lastKnownFileType = text.xcconfig; name = "Pods-PhoneGuide.debug.xcconfig"; path = "Pods/Target Support Files/Pods-PhoneGuide/Pods-PhoneGuide.debug.xcconfig"; sourceTree = "<group>"; };
/* End PBXFileReference section */

/* Begin PBXFrameworksBuildPhase section */
		502A05B1222AB05D0023F545 /* Frameworks */ = {
			isa = PBXFrameworksBuildPhase;
			buildActionMask = 2147483647;
			files = (
				368DAD43848228739EDB237D /* Pods_PhoneGuide.framework in Frameworks */,
			);
			runOnlyForDeploymentPostprocessing = 0;
		};
		502A05C5222AB05F0023F545 /* Frameworks */ = {
			isa = PBXFrameworksBuildPhase;
			buildActionMask = 2147483647;
			files = (
				04FC66D999AE7693416FC48A /* Pods_PhoneGuideTests.framework in Frameworks */,
			);
			runOnlyForDeploymentPostprocessing = 0;
		};
/* End PBXFrameworksBuildPhase section */

/* Begin PBXGroup section */
		0F62874D7D755405302C2479 /* Pods */ = {
			isa = PBXGroup;
			children = (
				89CFDB0A2703090202FBC8CD /* Pods-PhoneGuide.debug.xcconfig */,
				210A337BB902BD61C54DF647 /* Pods-PhoneGuide.release.xcconfig */,
				2E6E5F9CCC4933B13E0CB371 /* Pods-PhoneGuideTests.debug.xcconfig */,
				771EBA8FB5FB8DBE61C5E8D4 /* Pods-PhoneGuideTests.release.xcconfig */,
			);
			name = Pods;
			sourceTree = "<group>";
		};
		502A05AB222AB05D0023F545 = {
			isa = PBXGroup;
			children = (
				502A05B6222AB05D0023F545 /* PhoneGuide */,
				502A05CB222AB05F0023F545 /* PhoneGuideTests */,
				502A05B5222AB05D0023F545 /* Products */,
				0F62874D7D755405302C2479 /* Pods */,
				76CCF44E52A68A8511FC12E8 /* Frameworks */,
			);
			sourceTree = "<group>";
		};
		502A05B5222AB05D0023F545 /* Products */ = {
			isa = PBXGroup;
			children = (
				502A05B4222AB05D0023F545 /* PhoneGuide.app */,
				502A05C8222AB05F0023F545 /* PhoneGuideTests.xctest */,
			);
			name = Products;
			sourceTree = "<group>";
		};
		502A05B6222AB05D0023F545 /* PhoneGuide */ = {
			isa = PBXGroup;
			children = (
				502A05DE222AE5040023F545 /* Controllers */,
				502A05DB222AE4D70023F545 /* Models */,
				502A05DC222AE4E10023F545 /* ViewModels */,
				502A05DD222AE4EC0023F545 /* Views */,
				502A05DF222AEA960023F545 /* Utils */,
				502A05B7222AB05D0023F545 /* AppDelegate.swift */,
				502A05BB222AB05D0023F545 /* Main.storyboard */,
				502A05BE222AB05F0023F545 /* Assets.xcassets */,
				502A05C0222AB05F0023F545 /* LaunchScreen.storyboard */,
				502A05C3222AB05F0023F545 /* Info.plist */,
			);
			path = PhoneGuide;
			sourceTree = "<group>";
		};
		502A05CB222AB05F0023F545 /* PhoneGuideTests */ = {
			isa = PBXGroup;
			children = (
				502A05CC222AB05F0023F545 /* PhoneGuideTests.swift */,
				502A05CE222AB05F0023F545 /* Info.plist */,
			);
			path = PhoneGuideTests;
			sourceTree = "<group>";
		};
		502A05DB222AE4D70023F545 /* Models */ = {
			isa = PBXGroup;
			children = (
				502A05E2222B96260023F545 /* Mobile.swift */,
				502A05E4222B96A80023F545 /* MobileImage.swift */,
			);
			path = Models;
			sourceTree = "<group>";
		};
		502A05DC222AE4E10023F545 /* ViewModels */ = {
			isa = PBXGroup;
			children = (
				502A05E6222BB2900023F545 /* MobileViewModel.swift */,
			);
			path = ViewModels;
			sourceTree = "<group>";
		};
		502A05DD222AE4EC0023F545 /* Views */ = {
			isa = PBXGroup;
			children = (
				502A05E8222BB7960023F545 /* MobileTableViewCell */,
			);
			path = Views;
			sourceTree = "<group>";
		};
		502A05DE222AE5040023F545 /* Controllers */ = {
			isa = PBXGroup;
			children = (
				502A05B9222AB05D0023F545 /* ViewController.swift */,
				502A05D7222ABE460023F545 /* FullListViewController.swift */,
				502A05D9222ABE660023F545 /* FavoriteListViewController.swift */,
			);
			path = Controllers;
			sourceTree = "<group>";
		};
		502A05DF222AEA960023F545 /* Utils */ = {
			isa = PBXGroup;
			children = (
				502A05E0222AEABC0023F545 /* RequestUtil.swift */,
			);
			path = Utils;
			sourceTree = "<group>";
		};
		502A05E8222BB7960023F545 /* MobileTableViewCell */ = {
			isa = PBXGroup;
			children = (
				502A05E9222BB7D30023F545 /* MobileTableViewCell.swift */,
				502A05EA222BB7D30023F545 /* MobileTableViewCell.xib */,
			);
			path = MobileTableViewCell;
			sourceTree = "<group>";
		};
		76CCF44E52A68A8511FC12E8 /* Frameworks */ = {
			isa = PBXGroup;
			children = (
				1821963F287853AAE69AF09A /* Pods_PhoneGuide.framework */,
				63CC0FEC311A21B1B69528D9 /* Pods_PhoneGuideTests.framework */,
			);
			name = Frameworks;
			sourceTree = "<group>";
		};
/* End PBXGroup section */

/* Begin PBXNativeTarget section */
		502A05B3222AB05D0023F545 /* PhoneGuide */ = {
			isa = PBXNativeTarget;
			buildConfigurationList = 502A05D1222AB05F0023F545 /* Build configuration list for PBXNativeTarget "PhoneGuide" */;
			buildPhases = (
				6C445F173879F344204F9F83 /* [CP] Check Pods Manifest.lock */,
				502A05B0222AB05D0023F545 /* Sources */,
				502A05B1222AB05D0023F545 /* Frameworks */,
				502A05B2222AB05D0023F545 /* Resources */,
				F92FCDC9F49B1ECE0656AA61 /* [CP] Embed Pods Frameworks */,
			);
			buildRules = (
			);
			dependencies = (
			);
			name = PhoneGuide;
			productName = PhoneGuide;
			productReference = 502A05B4222AB05D0023F545 /* PhoneGuide.app */;
			productType = "com.apple.product-type.application";
		};
		502A05C7222AB05F0023F545 /* PhoneGuideTests */ = {
			isa = PBXNativeTarget;
			buildConfigurationList = 502A05D4222AB05F0023F545 /* Build configuration list for PBXNativeTarget "PhoneGuideTests" */;
			buildPhases = (
				2B8C1F477DC9933DBF7B85DB /* [CP] Check Pods Manifest.lock */,
				502A05C4222AB05F0023F545 /* Sources */,
				502A05C5222AB05F0023F545 /* Frameworks */,
				502A05C6222AB05F0023F545 /* Resources */,
			);
			buildRules = (
			);
			dependencies = (
				502A05CA222AB05F0023F545 /* PBXTargetDependency */,
			);
			name = PhoneGuideTests;
			productName = PhoneGuideTests;
			productReference = 502A05C8222AB05F0023F545 /* PhoneGuideTests.xctest */;
			productType = "com.apple.product-type.bundle.unit-test";
		};
/* End PBXNativeTarget section */

/* Begin PBXProject section */
		502A05AC222AB05D0023F545 /* Project object */ = {
			isa = PBXProject;
			attributes = {
				LastSwiftUpdateCheck = 1010;
				LastUpgradeCheck = 1010;
				ORGANIZATIONNAME = "Thanaphat Suwannikornkul";
				TargetAttributes = {
					502A05B3222AB05D0023F545 = {
						CreatedOnToolsVersion = 10.1;
					};
					502A05C7222AB05F0023F545 = {
						CreatedOnToolsVersion = 10.1;
						TestTargetID = 502A05B3222AB05D0023F545;
					};
				};
			};
			buildConfigurationList = 502A05AF222AB05D0023F545 /* Build configuration list for PBXProject "PhoneGuide" */;
			compatibilityVersion = "Xcode 9.3";
			developmentRegion = en;
			hasScannedForEncodings = 0;
			knownRegions = (
				en,
				Base,
			);
			mainGroup = 502A05AB222AB05D0023F545;
			productRefGroup = 502A05B5222AB05D0023F545 /* Products */;
			projectDirPath = "";
			projectRoot = "";
			targets = (
				502A05B3222AB05D0023F545 /* PhoneGuide */,
				502A05C7222AB05F0023F545 /* PhoneGuideTests */,
			);
		};
/* End PBXProject section */

/* Begin PBXResourcesBuildPhase section */
		502A05B2222AB05D0023F545 /* Resources */ = {
			isa = PBXResourcesBuildPhase;
			buildActionMask = 2147483647;
			files = (
				502A05C2222AB05F0023F545 /* LaunchScreen.storyboard in Resources */,
				502A05BF222AB05F0023F545 /* Assets.xcassets in Resources */,
				502A05BD222AB05D0023F545 /* Main.storyboard in Resources */,
				502A05EC222BB7D30023F545 /* MobileTableViewCell.xib in Resources */,
			);
			runOnlyForDeploymentPostprocessing = 0;
		};
		502A05C6222AB05F0023F545 /* Resources */ = {
			isa = PBXResourcesBuildPhase;
			buildActionMask = 2147483647;
			files = (
			);
			runOnlyForDeploymentPostprocessing = 0;
		};
/* End PBXResourcesBuildPhase section */

/* Begin PBXShellScriptBuildPhase section */
		2B8C1F477DC9933DBF7B85DB /* [CP] Check Pods Manifest.lock */ = {
			isa = PBXShellScriptBuildPhase;
			buildActionMask = 2147483647;
			files = (
			);
			inputFileListPaths = (
			);
			inputPaths = (
				"${PODS_PODFILE_DIR_PATH}/Podfile.lock",
				"${PODS_ROOT}/Manifest.lock",
			);
			name = "[CP] Check Pods Manifest.lock";
			outputFileListPaths = (
			);
			outputPaths = (
				"$(DERIVED_FILE_DIR)/Pods-PhoneGuideTests-checkManifestLockResult.txt",
			);
			runOnlyForDeploymentPostprocessing = 0;
			shellPath = /bin/sh;
			shellScript = "diff \"${PODS_PODFILE_DIR_PATH}/Podfile.lock\" \"${PODS_ROOT}/Manifest.lock\" > /dev/null\nif [ $? != 0 ] ; then\n    # print error to STDERR\n    echo \"error: The sandbox is not in sync with the Podfile.lock. Run 'pod install' or update your CocoaPods installation.\" >&2\n    exit 1\nfi\n# This output is used by Xcode 'outputs' to avoid re-running this script phase.\necho \"SUCCESS\" > \"${SCRIPT_OUTPUT_FILE_0}\"\n";
			showEnvVarsInLog = 0;
		};
		6C445F173879F344204F9F83 /* [CP] Check Pods Manifest.lock */ = {
			isa = PBXShellScriptBuildPhase;
			buildActionMask = 2147483647;
			files = (
			);
			inputFileListPaths = (
			);
			inputPaths = (
				"${PODS_PODFILE_DIR_PATH}/Podfile.lock",
				"${PODS_ROOT}/Manifest.lock",
			);
			name = "[CP] Check Pods Manifest.lock";
			outputFileListPaths = (
			);
			outputPaths = (
				"$(DERIVED_FILE_DIR)/Pods-PhoneGuide-checkManifestLockResult.txt",
			);
			runOnlyForDeploymentPostprocessing = 0;
			shellPath = /bin/sh;
			shellScript = "diff \"${PODS_PODFILE_DIR_PATH}/Podfile.lock\" \"${PODS_ROOT}/Manifest.lock\" > /dev/null\nif [ $? != 0 ] ; then\n    # print error to STDERR\n    echo \"error: The sandbox is not in sync with the Podfile.lock. Run 'pod install' or update your CocoaPods installation.\" >&2\n    exit 1\nfi\n# This output is used by Xcode 'outputs' to avoid re-running this script phase.\necho \"SUCCESS\" > \"${SCRIPT_OUTPUT_FILE_0}\"\n";
			showEnvVarsInLog = 0;
		};
		F92FCDC9F49B1ECE0656AA61 /* [CP] Embed Pods Frameworks */ = {
			isa = PBXShellScriptBuildPhase;
			buildActionMask = 2147483647;
			files = (
			);
			inputFileListPaths = (
			);
			inputPaths = (
				"${SRCROOT}/Pods/Target Support Files/Pods-PhoneGuide/Pods-PhoneGuide-frameworks.sh",
				"${BUILT_PRODUCTS_DIR}/Alamofire/Alamofire.framework",
				"${BUILT_PRODUCTS_DIR}/SDWebImage/SDWebImage.framework",
				"${BUILT_PRODUCTS_DIR}/XLPagerTabStrip/XLPagerTabStrip.framework",
			);
			name = "[CP] Embed Pods Frameworks";
			outputFileListPaths = (
			);
			outputPaths = (
				"${TARGET_BUILD_DIR}/${FRAMEWORKS_FOLDER_PATH}/Alamofire.framework",
				"${TARGET_BUILD_DIR}/${FRAMEWORKS_FOLDER_PATH}/SDWebImage.framework",
				"${TARGET_BUILD_DIR}/${FRAMEWORKS_FOLDER_PATH}/XLPagerTabStrip.framework",
			);
			runOnlyForDeploymentPostprocessing = 0;
			shellPath = /bin/sh;
			shellScript = "\"${SRCROOT}/Pods/Target Support Files/Pods-PhoneGuide/Pods-PhoneGuide-frameworks.sh\"\n";
			showEnvVarsInLog = 0;
		};
/* End PBXShellScriptBuildPhase section */

/* Begin PBXSourcesBuildPhase section */
		502A05B0222AB05D0023F545 /* Sources */ = {
			isa = PBXSourcesBuildPhase;
			buildActionMask = 2147483647;
			files = (
				502A05DA222ABE660023F545 /* FavoriteListViewController.swift in Sources */,
				502A05D8222ABE460023F545 /* FullListViewController.swift in Sources */,
				502A05EB222BB7D30023F545 /* MobileTableViewCell.swift in Sources */,
				502A05E5222B96A80023F545 /* MobileImage.swift in Sources */,
				502A05E1222AEABC0023F545 /* RequestUtil.swift in Sources */,
				502A05E7222BB2900023F545 /* MobileViewModel.swift in Sources */,
				502A05E3222B96260023F545 /* Mobile.swift in Sources */,
				502A05BA222AB05D0023F545 /* ViewController.swift in Sources */,
				502A05B8222AB05D0023F545 /* AppDelegate.swift in Sources */,
			);
			runOnlyForDeploymentPostprocessing = 0;
		};
		502A05C4222AB05F0023F545 /* Sources */ = {
			isa = PBXSourcesBuildPhase;
			buildActionMask = 2147483647;
			files = (
				502A05CD222AB05F0023F545 /* PhoneGuideTests.swift in Sources */,
			);
			runOnlyForDeploymentPostprocessing = 0;
		};
/* End PBXSourcesBuildPhase section */

/* Begin PBXTargetDependency section */
		502A05CA222AB05F0023F545 /* PBXTargetDependency */ = {
			isa = PBXTargetDependency;
			target = 502A05B3222AB05D0023F545 /* PhoneGuide */;
			targetProxy = 502A05C9222AB05F0023F545 /* PBXContainerItemProxy */;
		};
/* End PBXTargetDependency section */

/* Begin PBXVariantGroup section */
		502A05BB222AB05D0023F545 /* Main.storyboard */ = {
			isa = PBXVariantGroup;
			children = (
				502A05BC222AB05D0023F545 /* Base */,
			);
			name = Main.storyboard;
			sourceTree = "<group>";
		};
		502A05C0222AB05F0023F545 /* LaunchScreen.storyboard */ = {
			isa = PBXVariantGroup;
			children = (
				502A05C1222AB05F0023F545 /* Base */,
			);
			name = LaunchScreen.storyboard;
			sourceTree = "<group>";
		};
/* End PBXVariantGroup section */

/* Begin XCBuildConfiguration section */
		502A05CF222AB05F0023F545 /* Debug */ = {
			isa = XCBuildConfiguration;
			buildSettings = {
				ALWAYS_SEARCH_USER_PATHS = NO;
				CLANG_ANALYZER_NONNULL = YES;
				CLANG_ANALYZER_NUMBER_OBJECT_CONVERSION = YES_AGGRESSIVE;
				CLANG_CXX_LANGUAGE_STANDARD = "gnu++14";
				CLANG_CXX_LIBRARY = "libc++";
				CLANG_ENABLE_MODULES = YES;
				CLANG_ENABLE_OBJC_ARC = YES;
				CLANG_ENABLE_OBJC_WEAK = YES;
				CLANG_WARN_BLOCK_CAPTURE_AUTORELEASING = YES;
				CLANG_WARN_BOOL_CONVERSION = YES;
				CLANG_WARN_COMMA = YES;
				CLANG_WARN_CONSTANT_CONVERSION = YES;
				CLANG_WARN_DEPRECATED_OBJC_IMPLEMENTATIONS = YES;
				CLANG_WARN_DIRECT_OBJC_ISA_USAGE = YES_ERROR;
				CLANG_WARN_DOCUMENTATION_COMMENTS = YES;
				CLANG_WARN_EMPTY_BODY = YES;
				CLANG_WARN_ENUM_CONVERSION = YES;
				CLANG_WARN_INFINITE_RECURSION = YES;
				CLANG_WARN_INT_CONVERSION = YES;
				CLANG_WARN_NON_LITERAL_NULL_CONVERSION = YES;
				CLANG_WARN_OBJC_IMPLICIT_RETAIN_SELF = YES;
				CLANG_WARN_OBJC_LITERAL_CONVERSION = YES;
				CLANG_WARN_OBJC_ROOT_CLASS = YES_ERROR;
				CLANG_WARN_RANGE_LOOP_ANALYSIS = YES;
				CLANG_WARN_STRICT_PROTOTYPES = YES;
				CLANG_WARN_SUSPICIOUS_MOVE = YES;
				CLANG_WARN_UNGUARDED_AVAILABILITY = YES_AGGRESSIVE;
				CLANG_WARN_UNREACHABLE_CODE = YES;
				CLANG_WARN__DUPLICATE_METHOD_MATCH = YES;
				CODE_SIGN_IDENTITY = "iPhone Developer";
				COPY_PHASE_STRIP = NO;
				DEBUG_INFORMATION_FORMAT = dwarf;
				ENABLE_STRICT_OBJC_MSGSEND = YES;
				ENABLE_TESTABILITY = YES;
				GCC_C_LANGUAGE_STANDARD = gnu11;
				GCC_DYNAMIC_NO_PIC = NO;
				GCC_NO_COMMON_BLOCKS = YES;
				GCC_OPTIMIZATION_LEVEL = 0;
				GCC_PREPROCESSOR_DEFINITIONS = (
					"DEBUG=1",
					"$(inherited)",
				);
				GCC_WARN_64_TO_32_BIT_CONVERSION = YES;
				GCC_WARN_ABOUT_RETURN_TYPE = YES_ERROR;
				GCC_WARN_UNDECLARED_SELECTOR = YES;
				GCC_WARN_UNINITIALIZED_AUTOS = YES_AGGRESSIVE;
				GCC_WARN_UNUSED_FUNCTION = YES;
				GCC_WARN_UNUSED_VARIABLE = YES;
				IPHONEOS_DEPLOYMENT_TARGET = 12.1;
				MTL_ENABLE_DEBUG_INFO = INCLUDE_SOURCE;
				MTL_FAST_MATH = YES;
				ONLY_ACTIVE_ARCH = YES;
				SDKROOT = iphoneos;
				SWIFT_ACTIVE_COMPILATION_CONDITIONS = DEBUG;
				SWIFT_OPTIMIZATION_LEVEL = "-Onone";
			};
			name = Debug;
		};
		502A05D0222AB05F0023F545 /* Release */ = {
			isa = XCBuildConfiguration;
			buildSettings = {
				ALWAYS_SEARCH_USER_PATHS = NO;
				CLANG_ANALYZER_NONNULL = YES;
				CLANG_ANALYZER_NUMBER_OBJECT_CONVERSION = YES_AGGRESSIVE;
				CLANG_CXX_LANGUAGE_STANDARD = "gnu++14";
				CLANG_CXX_LIBRARY = "libc++";
				CLANG_ENABLE_MODULES = YES;
				CLANG_ENABLE_OBJC_ARC = YES;
				CLANG_ENABLE_OBJC_WEAK = YES;
				CLANG_WARN_BLOCK_CAPTURE_AUTORELEASING = YES;
				CLANG_WARN_BOOL_CONVERSION = YES;
				CLANG_WARN_COMMA = YES;
				CLANG_WARN_CONSTANT_CONVERSION = YES;
				CLANG_WARN_DEPRECATED_OBJC_IMPLEMENTATIONS = YES;
				CLANG_WARN_DIRECT_OBJC_ISA_USAGE = YES_ERROR;
				CLANG_WARN_DOCUMENTATION_COMMENTS = YES;
				CLANG_WARN_EMPTY_BODY = YES;
				CLANG_WARN_ENUM_CONVERSION = YES;
				CLANG_WARN_INFINITE_RECURSION = YES;
				CLANG_WARN_INT_CONVERSION = YES;
				CLANG_WARN_NON_LITERAL_NULL_CONVERSION = YES;
				CLANG_WARN_OBJC_IMPLICIT_RETAIN_SELF = YES;
				CLANG_WARN_OBJC_LITERAL_CONVERSION = YES;
				CLANG_WARN_OBJC_ROOT_CLASS = YES_ERROR;
				CLANG_WARN_RANGE_LOOP_ANALYSIS = YES;
				CLANG_WARN_STRICT_PROTOTYPES = YES;
				CLANG_WARN_SUSPICIOUS_MOVE = YES;
				CLANG_WARN_UNGUARDED_AVAILABILITY = YES_AGGRESSIVE;
				CLANG_WARN_UNREACHABLE_CODE = YES;
				CLANG_WARN__DUPLICATE_METHOD_MATCH = YES;
				CODE_SIGN_IDENTITY = "iPhone Developer";
				COPY_PHASE_STRIP = NO;
				DEBUG_INFORMATION_FORMAT = "dwarf-with-dsym";
				ENABLE_NS_ASSERTIONS = NO;
				ENABLE_STRICT_OBJC_MSGSEND = YES;
				GCC_C_LANGUAGE_STANDARD = gnu11;
				GCC_NO_COMMON_BLOCKS = YES;
				GCC_WARN_64_TO_32_BIT_CONVERSION = YES;
				GCC_WARN_ABOUT_RETURN_TYPE = YES_ERROR;
				GCC_WARN_UNDECLARED_SELECTOR = YES;
				GCC_WARN_UNINITIALIZED_AUTOS = YES_AGGRESSIVE;
				GCC_WARN_UNUSED_FUNCTION = YES;
				GCC_WARN_UNUSED_VARIABLE = YES;
				IPHONEOS_DEPLOYMENT_TARGET = 12.1;
				MTL_ENABLE_DEBUG_INFO = NO;
				MTL_FAST_MATH = YES;
				SDKROOT = iphoneos;
				SWIFT_COMPILATION_MODE = wholemodule;
				SWIFT_OPTIMIZATION_LEVEL = "-O";
				VALIDATE_PRODUCT = YES;
			};
			name = Release;
		};
		502A05D2222AB05F0023F545 /* Debug */ = {
			isa = XCBuildConfiguration;
			baseConfigurationReference = 89CFDB0A2703090202FBC8CD /* Pods-PhoneGuide.debug.xcconfig */;
			buildSettings = {
				ASSETCATALOG_COMPILER_APPICON_NAME = AppIcon;
				CODE_SIGN_STYLE = Automatic;
				INFOPLIST_FILE = PhoneGuide/Info.plist;
				LD_RUNPATH_SEARCH_PATHS = (
					"$(inherited)",
					"@executable_path/Frameworks",
				);
				PRODUCT_BUNDLE_IDENTIFIER = com.onsensei.PhoneGuide;
				PRODUCT_NAME = "$(TARGET_NAME)";
				SWIFT_VERSION = 4.2;
				TARGETED_DEVICE_FAMILY = "1,2";
			};
			name = Debug;
		};
		502A05D3222AB05F0023F545 /* Release */ = {
			isa = XCBuildConfiguration;
			baseConfigurationReference = 210A337BB902BD61C54DF647 /* Pods-PhoneGuide.release.xcconfig */;
			buildSettings = {
				ASSETCATALOG_COMPILER_APPICON_NAME = AppIcon;
				CODE_SIGN_STYLE = Automatic;
				INFOPLIST_FILE = PhoneGuide/Info.plist;
				LD_RUNPATH_SEARCH_PATHS = (
					"$(inherited)",
					"@executable_path/Frameworks",
				);
				PRODUCT_BUNDLE_IDENTIFIER = com.onsensei.PhoneGuide;
				PRODUCT_NAME = "$(TARGET_NAME)";
				SWIFT_VERSION = 4.2;
				TARGETED_DEVICE_FAMILY = "1,2";
			};
			name = Release;
		};
		502A05D5222AB05F0023F545 /* Debug */ = {
			isa = XCBuildConfiguration;
			baseConfigurationReference = 2E6E5F9CCC4933B13E0CB371 /* Pods-PhoneGuideTests.debug.xcconfig */;
			buildSettings = {
				ALWAYS_EMBED_SWIFT_STANDARD_LIBRARIES = YES;
				BUNDLE_LOADER = "$(TEST_HOST)";
				CODE_SIGN_STYLE = Automatic;
				INFOPLIST_FILE = PhoneGuideTests/Info.plist;
				LD_RUNPATH_SEARCH_PATHS = (
					"$(inherited)",
					"@executable_path/Frameworks",
					"@loader_path/Frameworks",
				);
				PRODUCT_BUNDLE_IDENTIFIER = com.onsensei.PhoneGuideTests;
				PRODUCT_NAME = "$(TARGET_NAME)";
				SWIFT_VERSION = 4.2;
				TARGETED_DEVICE_FAMILY = "1,2";
				TEST_HOST = "$(BUILT_PRODUCTS_DIR)/PhoneGuide.app/PhoneGuide";
			};
			name = Debug;
		};
		502A05D6222AB05F0023F545 /* Release */ = {
			isa = XCBuildConfiguration;
			baseConfigurationReference = 771EBA8FB5FB8DBE61C5E8D4 /* Pods-PhoneGuideTests.release.xcconfig */;
			buildSettings = {
				ALWAYS_EMBED_SWIFT_STANDARD_LIBRARIES = YES;
				BUNDLE_LOADER = "$(TEST_HOST)";
				CODE_SIGN_STYLE = Automatic;
				INFOPLIST_FILE = PhoneGuideTests/Info.plist;
				LD_RUNPATH_SEARCH_PATHS = (
					"$(inherited)",
					"@executable_path/Frameworks",
					"@loader_path/Frameworks",
				);
				PRODUCT_BUNDLE_IDENTIFIER = com.onsensei.PhoneGuideTests;
				PRODUCT_NAME = "$(TARGET_NAME)";
				SWIFT_VERSION = 4.2;
				TARGETED_DEVICE_FAMILY = "1,2";
				TEST_HOST = "$(BUILT_PRODUCTS_DIR)/PhoneGuide.app/PhoneGuide";
			};
			name = Release;
		};
/* End XCBuildConfiguration section */

/* Begin XCConfigurationList section */
		502A05AF222AB05D0023F545 /* Build configuration list for PBXProject "PhoneGuide" */ = {
			isa = XCConfigurationList;
			buildConfigurations = (
				502A05CF222AB05F0023F545 /* Debug */,
				502A05D0222AB05F0023F545 /* Release */,
			);
			defaultConfigurationIsVisible = 0;
			defaultConfigurationName = Release;
		};
		502A05D1222AB05F0023F545 /* Build configuration list for PBXNativeTarget "PhoneGuide" */ = {
			isa = XCConfigurationList;
			buildConfigurations = (
				502A05D2222AB05F0023F545 /* Debug */,
				502A05D3222AB05F0023F545 /* Release */,
			);
			defaultConfigurationIsVisible = 0;
			defaultConfigurationName = Release;
		};
		502A05D4222AB05F0023F545 /* Build configuration list for PBXNativeTarget "PhoneGuideTests" */ = {
			isa = XCConfigurationList;
			buildConfigurations = (
				502A05D5222AB05F0023F545 /* Debug */,
				502A05D6222AB05F0023F545 /* Release */,
			);
			defaultConfigurationIsVisible = 0;
			defaultConfigurationName = Release;
		};
/* End XCConfigurationList section */
	};
	rootObject = 502A05AC222AB05D0023F545 /* Project object */;
}
